// !$*UTF8*$!
{
	archiveVersion = 1;
	classes = {
	};
	objectVersion = 46;
	objects = {

/* Begin PBXBuildFile section */
		1D08923C1A266D7A00A9EAC4 /* EventStreamViewController.swift in Sources */ = {isa = PBXBuildFile; fileRef = 1D08923B1A266D7A00A9EAC4 /* EventStreamViewController.swift */; };
		1D08923F1A26726500A9EAC4 /* EventCollectionViewCell.swift in Sources */ = {isa = PBXBuildFile; fileRef = 1D08923E1A26726500A9EAC4 /* EventCollectionViewCell.swift */; };
		1D0892431A267EBF00A9EAC4 /* Interstate-Light.ttf in Resources */ = {isa = PBXBuildFile; fileRef = 1D0892401A267EBF00A9EAC4 /* Interstate-Light.ttf */; };
		1D0892441A267EBF00A9EAC4 /* Interstate-ExtraLight.ttf in Resources */ = {isa = PBXBuildFile; fileRef = 1D0892411A267EBF00A9EAC4 /* Interstate-ExtraLight.ttf */; };
		1D0892451A267EBF00A9EAC4 /* Interstate-BoldCondensed.ttf in Resources */ = {isa = PBXBuildFile; fileRef = 1D0892421A267EBF00A9EAC4 /* Interstate-BoldCondensed.ttf */; };
		1D0892471A267EE700A9EAC4 /* UniversLTStd-UltraCn.otf in Resources */ = {isa = PBXBuildFile; fileRef = 1D0892461A267EE700A9EAC4 /* UniversLTStd-UltraCn.otf */; };
		1D0892491A278DCB00A9EAC4 /* GooglePlaceAPI.swift in Sources */ = {isa = PBXBuildFile; fileRef = 1D0892481A278DCB00A9EAC4 /* GooglePlaceAPI.swift */; };
		1D08924B1A279DFF00A9EAC4 /* SettingsViewController.swift in Sources */ = {isa = PBXBuildFile; fileRef = 1D08924A1A279DFF00A9EAC4 /* SettingsViewController.swift */; };
		1D08924D1A27BF8700A9EAC4 /* CitySearchCell.swift in Sources */ = {isa = PBXBuildFile; fileRef = 1D08924C1A27BF8700A9EAC4 /* CitySearchCell.swift */; };
		1D08924F1A27C49D00A9EAC4 /* CurrentLocationCell.swift in Sources */ = {isa = PBXBuildFile; fileRef = 1D08924E1A27C49D00A9EAC4 /* CurrentLocationCell.swift */; };
		1D0892511A27C97700A9EAC4 /* UserSettings.swift in Sources */ = {isa = PBXBuildFile; fileRef = 1D0892501A27C97700A9EAC4 /* UserSettings.swift */; };
		1D0892531A28406300A9EAC4 /* AutosuggestCityCell.swift in Sources */ = {isa = PBXBuildFile; fileRef = 1D0892521A28406300A9EAC4 /* AutosuggestCityCell.swift */; };
		1D0D92A119D3DE28003E7C14 /* CoreLocation.framework in Frameworks */ = {isa = PBXBuildFile; fileRef = 1D0D92A019D3DE28003E7C14 /* CoreLocation.framework */; };
		1D15802B1A05695400658A1D /* EventAdmin.swift in Sources */ = {isa = PBXBuildFile; fileRef = 1D15802A1A05695400658A1D /* EventAdmin.swift */; };
		1D19871F1A2A9528004156B2 /* RedirectView.swift in Sources */ = {isa = PBXBuildFile; fileRef = 1D19871E1A2A9528004156B2 /* RedirectView.swift */; };
		1D22A4591A2EC5D200C4BC03 /* EventDetailActionCell.swift in Sources */ = {isa = PBXBuildFile; fileRef = 1D22A4581A2EC5D200C4BC03 /* EventDetailActionCell.swift */; };
		1D4343471A1DB06D00E0B0A3 /* SearchResultsTableCell.swift in Sources */ = {isa = PBXBuildFile; fileRef = 1D4343461A1DB06D00E0B0A3 /* SearchResultsTableCell.swift */; };
		1D6C3EA51A4A21B80081A43C /* FullScreenImageViewController.swift in Sources */ = {isa = PBXBuildFile; fileRef = 1D6C3EA41A4A21B80081A43C /* FullScreenImageViewController.swift */; };
		1D6C3EA71A4B4BC90081A43C /* AddCityViewController.swift in Sources */ = {isa = PBXBuildFile; fileRef = 1D6C3EA61A4B4BC90081A43C /* AddCityViewController.swift */; };
		1D6C3EA91A4B66A70081A43C /* LogoutCell.swift in Sources */ = {isa = PBXBuildFile; fileRef = 1D6C3EA81A4B66A70081A43C /* LogoutCell.swift */; };
		1D6C3EAB1A4B70590081A43C /* SendFeedbackCell.swift in Sources */ = {isa = PBXBuildFile; fileRef = 1D6C3EAA1A4B70590081A43C /* SendFeedbackCell.swift */; };
		1D8856BD19CDE510005FFDB2 /* AppDelegate.swift in Sources */ = {isa = PBXBuildFile; fileRef = 1D8856BC19CDE510005FFDB2 /* AppDelegate.swift */; };
		1D8856BF19CDE510005FFDB2 /* FaceBookLoginViewController.swift in Sources */ = {isa = PBXBuildFile; fileRef = 1D8856BE19CDE510005FFDB2 /* FaceBookLoginViewController.swift */; };
		1D8856C219CDE510005FFDB2 /* Main.storyboard in Resources */ = {isa = PBXBuildFile; fileRef = 1D8856C019CDE510005FFDB2 /* Main.storyboard */; };
		1D8856C419CDE510005FFDB2 /* Images.xcassets in Resources */ = {isa = PBXBuildFile; fileRef = 1D8856C319CDE510005FFDB2 /* Images.xcassets */; };
		1D8856C719CDE510005FFDB2 /* LaunchScreen.xib in Resources */ = {isa = PBXBuildFile; fileRef = 1D8856C519CDE510005FFDB2 /* LaunchScreen.xib */; };
		1D8856D319CDE511005FFDB2 /* DanceDeetsTests.swift in Sources */ = {isa = PBXBuildFile; fileRef = 1D8856D219CDE511005FFDB2 /* DanceDeetsTests.swift */; };
		1D89F6A81A0EAB8D00D3E4BE /* ImageCache.swift in Sources */ = {isa = PBXBuildFile; fileRef = 1D89F6A71A0EAB8D00D3E4BE /* ImageCache.swift */; };
		1D89F6AA1A0ECDC100D3E4BE /* EventDetailCoverCell.swift in Sources */ = {isa = PBXBuildFile; fileRef = 1D89F6A91A0ECDC100D3E4BE /* EventDetailCoverCell.swift */; };
		1D8A064019CDE605004607B6 /* Event.swift in Sources */ = {isa = PBXBuildFile; fileRef = 1D8A063F19CDE605004607B6 /* Event.swift */; };
		1DAB49EE1A17E31E0002BBDD /* EventDetailDescriptionCell.swift in Sources */ = {isa = PBXBuildFile; fileRef = 1DAB49ED1A17E31E0002BBDD /* EventDetailDescriptionCell.swift */; };
		1DAB49F01A17E4D70002BBDD /* Utilities.swift in Sources */ = {isa = PBXBuildFile; fileRef = 1DAB49EF1A17E4D70002BBDD /* Utilities.swift */; };
		1DAB49F21A17F0310002BBDD /* Extensions.swift in Sources */ = {isa = PBXBuildFile; fileRef = 1DAB49F11A17F0310002BBDD /* Extensions.swift */; };
		1DAB49F41A18020D0002BBDD /* EventDetailTimeCell.swift in Sources */ = {isa = PBXBuildFile; fileRef = 1DAB49F31A18020D0002BBDD /* EventDetailTimeCell.swift */; };
		1DAB49F61A1807F40002BBDD /* EventDetailLocationCell.swift in Sources */ = {isa = PBXBuildFile; fileRef = 1DAB49F51A1807F40002BBDD /* EventDetailLocationCell.swift */; };
		1DAB49F81A1815DD0002BBDD /* ColorFactory.swift in Sources */ = {isa = PBXBuildFile; fileRef = 1DAB49F71A1815DD0002BBDD /* ColorFactory.swift */; };
		1DAB49FA1A182AC90002BBDD /* QuartzCore.framework in Frameworks */ = {isa = PBXBuildFile; fileRef = 1DAB49F91A182AC90002BBDD /* QuartzCore.framework */; };
		1DAE2C1F1A3D063300F03AD1 /* ServerInterface.swift in Sources */ = {isa = PBXBuildFile; fileRef = 1DAE2C1E1A3D063300F03AD1 /* ServerInterface.swift */; };
		1DAE2C211A3E975E00F03AD1 /* EventDetailImageCell.swift in Sources */ = {isa = PBXBuildFile; fileRef = 1DAE2C201A3E975E00F03AD1 /* EventDetailImageCell.swift */; };
		1DAE2C231A3EB08B00F03AD1 /* EventDetailMapCell.swift in Sources */ = {isa = PBXBuildFile; fileRef = 1DAE2C221A3EB08B00F03AD1 /* EventDetailMapCell.swift */; };
		1DB901C819E0999E0018B434 /* FontFactory.swift in Sources */ = {isa = PBXBuildFile; fileRef = 1DB901C719E0999E0018B434 /* FontFactory.swift */; };
		1DBA3F691A4BAA7600842486 /* AddCityCell.swift in Sources */ = {isa = PBXBuildFile; fileRef = 1DBA3F681A4BAA7600842486 /* AddCityCell.swift */; };
		1DE70DFA1A0FD55D0044C77C /* FacebookSDK.framework in Frameworks */ = {isa = PBXBuildFile; fileRef = 1DE70DF91A0FD55D0044C77C /* FacebookSDK.framework */; };
		1DFB3B4D19FC39AE00CF4A72 /* MessageUI.framework in Frameworks */ = {isa = PBXBuildFile; fileRef = 1DFB3B4C19FC39AE00CF4A72 /* MessageUI.framework */; };
		1DFB3B5019FF500E00CF4A72 /* EventDetailViewController.swift in Sources */ = {isa = PBXBuildFile; fileRef = 1DFB3B4F19FF500E00CF4A72 /* EventDetailViewController.swift */; };
		1DFB3B5319FF575C00CF4A72 /* EventKit.framework in Frameworks */ = {isa = PBXBuildFile; fileRef = 1DFB3B5119FF575C00CF4A72 /* EventKit.framework */; };
		1DFB3B5419FF575C00CF4A72 /* EventKitUI.framework in Frameworks */ = {isa = PBXBuildFile; fileRef = 1DFB3B5219FF575C00CF4A72 /* EventKitUI.framework */; };
/* End PBXBuildFile section */

/* Begin PBXContainerItemProxy section */
		1D8856CD19CDE510005FFDB2 /* PBXContainerItemProxy */ = {
			isa = PBXContainerItemProxy;
			containerPortal = 1D8856AF19CDE510005FFDB2 /* Project object */;
			proxyType = 1;
			remoteGlobalIDString = 1D8856B619CDE510005FFDB2;
			remoteInfo = DanceDeets;
		};
/* End PBXContainerItemProxy section */

/* Begin PBXFileReference section */
		1D08923B1A266D7A00A9EAC4 /* EventStreamViewController.swift */ = {isa = PBXFileReference; fileEncoding = 4; lastKnownFileType = sourcecode.swift; path = EventStreamViewController.swift; sourceTree = "<group>"; };
		1D08923E1A26726500A9EAC4 /* EventCollectionViewCell.swift */ = {isa = PBXFileReference; fileEncoding = 4; lastKnownFileType = sourcecode.swift; path = EventCollectionViewCell.swift; sourceTree = "<group>"; };
		1D0892401A267EBF00A9EAC4 /* Interstate-Light.ttf */ = {isa = PBXFileReference; lastKnownFileType = file; path = "Interstate-Light.ttf"; sourceTree = "<group>"; };
		1D0892411A267EBF00A9EAC4 /* Interstate-ExtraLight.ttf */ = {isa = PBXFileReference; lastKnownFileType = file; path = "Interstate-ExtraLight.ttf"; sourceTree = "<group>"; };
		1D0892421A267EBF00A9EAC4 /* Interstate-BoldCondensed.ttf */ = {isa = PBXFileReference; lastKnownFileType = file; path = "Interstate-BoldCondensed.ttf"; sourceTree = "<group>"; };
		1D0892461A267EE700A9EAC4 /* UniversLTStd-UltraCn.otf */ = {isa = PBXFileReference; lastKnownFileType = file; path = "UniversLTStd-UltraCn.otf"; sourceTree = "<group>"; };
		1D0892481A278DCB00A9EAC4 /* GooglePlaceAPI.swift */ = {isa = PBXFileReference; fileEncoding = 4; lastKnownFileType = sourcecode.swift; path = GooglePlaceAPI.swift; sourceTree = "<group>"; };
		1D08924A1A279DFF00A9EAC4 /* SettingsViewController.swift */ = {isa = PBXFileReference; fileEncoding = 4; lastKnownFileType = sourcecode.swift; path = SettingsViewController.swift; sourceTree = "<group>"; };
		1D08924C1A27BF8700A9EAC4 /* CitySearchCell.swift */ = {isa = PBXFileReference; fileEncoding = 4; lastKnownFileType = sourcecode.swift; path = CitySearchCell.swift; sourceTree = "<group>"; };
		1D08924E1A27C49D00A9EAC4 /* CurrentLocationCell.swift */ = {isa = PBXFileReference; fileEncoding = 4; lastKnownFileType = sourcecode.swift; path = CurrentLocationCell.swift; sourceTree = "<group>"; };
		1D0892501A27C97700A9EAC4 /* UserSettings.swift */ = {isa = PBXFileReference; fileEncoding = 4; lastKnownFileType = sourcecode.swift; path = UserSettings.swift; sourceTree = "<group>"; };
		1D0892521A28406300A9EAC4 /* AutosuggestCityCell.swift */ = {isa = PBXFileReference; fileEncoding = 4; lastKnownFileType = sourcecode.swift; path = AutosuggestCityCell.swift; sourceTree = "<group>"; };
		1D0D92A019D3DE28003E7C14 /* CoreLocation.framework */ = {isa = PBXFileReference; lastKnownFileType = wrapper.framework; name = CoreLocation.framework; path = System/Library/Frameworks/CoreLocation.framework; sourceTree = SDKROOT; };
		1D15802A1A05695400658A1D /* EventAdmin.swift */ = {isa = PBXFileReference; fileEncoding = 4; lastKnownFileType = sourcecode.swift; path = EventAdmin.swift; sourceTree = "<group>"; };
		1D19871E1A2A9528004156B2 /* RedirectView.swift */ = {isa = PBXFileReference; fileEncoding = 4; lastKnownFileType = sourcecode.swift; path = RedirectView.swift; sourceTree = "<group>"; };
		1D22A4581A2EC5D200C4BC03 /* EventDetailActionCell.swift */ = {isa = PBXFileReference; fileEncoding = 4; lastKnownFileType = sourcecode.swift; path = EventDetailActionCell.swift; sourceTree = "<group>"; };
		1D43346619D736EF001A5381 /* DanceDeets-Bridging-Header.h */ = {isa = PBXFileReference; lastKnownFileType = sourcecode.c.h; path = "DanceDeets-Bridging-Header.h"; sourceTree = "<group>"; };
		1D4343461A1DB06D00E0B0A3 /* SearchResultsTableCell.swift */ = {isa = PBXFileReference; fileEncoding = 4; lastKnownFileType = sourcecode.swift; path = SearchResultsTableCell.swift; sourceTree = "<group>"; };
		1D6C3EA41A4A21B80081A43C /* FullScreenImageViewController.swift */ = {isa = PBXFileReference; fileEncoding = 4; lastKnownFileType = sourcecode.swift; path = FullScreenImageViewController.swift; sourceTree = "<group>"; };
		1D6C3EA61A4B4BC90081A43C /* AddCityViewController.swift */ = {isa = PBXFileReference; fileEncoding = 4; lastKnownFileType = sourcecode.swift; path = AddCityViewController.swift; sourceTree = "<group>"; };
		1D6C3EA81A4B66A70081A43C /* LogoutCell.swift */ = {isa = PBXFileReference; fileEncoding = 4; lastKnownFileType = sourcecode.swift; path = LogoutCell.swift; sourceTree = "<group>"; };
		1D6C3EAA1A4B70590081A43C /* SendFeedbackCell.swift */ = {isa = PBXFileReference; fileEncoding = 4; lastKnownFileType = sourcecode.swift; path = SendFeedbackCell.swift; sourceTree = "<group>"; };
		1D8856B719CDE510005FFDB2 /* DanceDeets.app */ = {isa = PBXFileReference; explicitFileType = wrapper.application; includeInIndex = 0; path = DanceDeets.app; sourceTree = BUILT_PRODUCTS_DIR; };
		1D8856BB19CDE510005FFDB2 /* Info.plist */ = {isa = PBXFileReference; lastKnownFileType = text.plist.xml; path = Info.plist; sourceTree = "<group>"; };
		1D8856BC19CDE510005FFDB2 /* AppDelegate.swift */ = {isa = PBXFileReference; lastKnownFileType = sourcecode.swift; path = AppDelegate.swift; sourceTree = "<group>"; };
		1D8856BE19CDE510005FFDB2 /* FaceBookLoginViewController.swift */ = {isa = PBXFileReference; lastKnownFileType = sourcecode.swift; path = FaceBookLoginViewController.swift; sourceTree = "<group>"; };
		1D8856C119CDE510005FFDB2 /* Base */ = {isa = PBXFileReference; lastKnownFileType = file.storyboard; name = Base; path = Base.lproj/Main.storyboard; sourceTree = "<group>"; };
		1D8856C319CDE510005FFDB2 /* Images.xcassets */ = {isa = PBXFileReference; lastKnownFileType = folder.assetcatalog; name = Images.xcassets; path = DanceDeets/Images.xcassets; sourceTree = "<group>"; };
		1D8856C619CDE510005FFDB2 /* Base */ = {isa = PBXFileReference; lastKnownFileType = file.xib; name = Base; path = Base.lproj/LaunchScreen.xib; sourceTree = "<group>"; };
		1D8856CC19CDE510005FFDB2 /* DanceDeetsTests.xctest */ = {isa = PBXFileReference; explicitFileType = wrapper.cfbundle; includeInIndex = 0; path = DanceDeetsTests.xctest; sourceTree = BUILT_PRODUCTS_DIR; };
		1D8856D119CDE510005FFDB2 /* Info.plist */ = {isa = PBXFileReference; lastKnownFileType = text.plist.xml; path = Info.plist; sourceTree = "<group>"; };
		1D8856D219CDE511005FFDB2 /* DanceDeetsTests.swift */ = {isa = PBXFileReference; lastKnownFileType = sourcecode.swift; path = DanceDeetsTests.swift; sourceTree = "<group>"; };
		1D89F6A71A0EAB8D00D3E4BE /* ImageCache.swift */ = {isa = PBXFileReference; fileEncoding = 4; lastKnownFileType = sourcecode.swift; path = ImageCache.swift; sourceTree = "<group>"; };
		1D89F6A91A0ECDC100D3E4BE /* EventDetailCoverCell.swift */ = {isa = PBXFileReference; fileEncoding = 4; lastKnownFileType = sourcecode.swift; path = EventDetailCoverCell.swift; sourceTree = "<group>"; };
		1D8A063F19CDE605004607B6 /* Event.swift */ = {isa = PBXFileReference; fileEncoding = 4; lastKnownFileType = sourcecode.swift; path = Event.swift; sourceTree = "<group>"; };
		1DAB49ED1A17E31E0002BBDD /* EventDetailDescriptionCell.swift */ = {isa = PBXFileReference; fileEncoding = 4; lastKnownFileType = sourcecode.swift; path = EventDetailDescriptionCell.swift; sourceTree = "<group>"; };
		1DAB49EF1A17E4D70002BBDD /* Utilities.swift */ = {isa = PBXFileReference; fileEncoding = 4; lastKnownFileType = sourcecode.swift; path = Utilities.swift; sourceTree = "<group>"; };
		1DAB49F11A17F0310002BBDD /* Extensions.swift */ = {isa = PBXFileReference; fileEncoding = 4; lastKnownFileType = sourcecode.swift; path = Extensions.swift; sourceTree = "<group>"; };
		1DAB49F31A18020D0002BBDD /* EventDetailTimeCell.swift */ = {isa = PBXFileReference; fileEncoding = 4; lastKnownFileType = sourcecode.swift; path = EventDetailTimeCell.swift; sourceTree = "<group>"; };
		1DAB49F51A1807F40002BBDD /* EventDetailLocationCell.swift */ = {isa = PBXFileReference; fileEncoding = 4; lastKnownFileType = sourcecode.swift; path = EventDetailLocationCell.swift; sourceTree = "<group>"; };
		1DAB49F71A1815DD0002BBDD /* ColorFactory.swift */ = {isa = PBXFileReference; fileEncoding = 4; lastKnownFileType = sourcecode.swift; path = ColorFactory.swift; sourceTree = "<group>"; };
		1DAB49F91A182AC90002BBDD /* QuartzCore.framework */ = {isa = PBXFileReference; lastKnownFileType = wrapper.framework; name = QuartzCore.framework; path = System/Library/Frameworks/QuartzCore.framework; sourceTree = SDKROOT; };
		1DAE2C1E1A3D063300F03AD1 /* ServerInterface.swift */ = {isa = PBXFileReference; fileEncoding = 4; lastKnownFileType = sourcecode.swift; path = ServerInterface.swift; sourceTree = "<group>"; };
		1DAE2C201A3E975E00F03AD1 /* EventDetailImageCell.swift */ = {isa = PBXFileReference; fileEncoding = 4; lastKnownFileType = sourcecode.swift; path = EventDetailImageCell.swift; sourceTree = "<group>"; };
		1DAE2C221A3EB08B00F03AD1 /* EventDetailMapCell.swift */ = {isa = PBXFileReference; fileEncoding = 4; lastKnownFileType = sourcecode.swift; path = EventDetailMapCell.swift; sourceTree = "<group>"; };
		1DB901C719E0999E0018B434 /* FontFactory.swift */ = {isa = PBXFileReference; fileEncoding = 4; lastKnownFileType = sourcecode.swift; path = FontFactory.swift; sourceTree = "<group>"; };
		1DBA3F681A4BAA7600842486 /* AddCityCell.swift */ = {isa = PBXFileReference; fileEncoding = 4; lastKnownFileType = sourcecode.swift; path = AddCityCell.swift; sourceTree = "<group>"; };
		1DE70DF91A0FD55D0044C77C /* FacebookSDK.framework */ = {isa = PBXFileReference; lastKnownFileType = wrapper.framework; name = FacebookSDK.framework; path = ../../Documents/FacebookSDK/FacebookSDK.framework; sourceTree = "<group>"; };
		1DFB3B4C19FC39AE00CF4A72 /* MessageUI.framework */ = {isa = PBXFileReference; lastKnownFileType = wrapper.framework; name = MessageUI.framework; path = System/Library/Frameworks/MessageUI.framework; sourceTree = SDKROOT; };
		1DFB3B4F19FF500E00CF4A72 /* EventDetailViewController.swift */ = {isa = PBXFileReference; fileEncoding = 4; lastKnownFileType = sourcecode.swift; path = EventDetailViewController.swift; sourceTree = "<group>"; };
		1DFB3B5119FF575C00CF4A72 /* EventKit.framework */ = {isa = PBXFileReference; lastKnownFileType = wrapper.framework; name = EventKit.framework; path = System/Library/Frameworks/EventKit.framework; sourceTree = SDKROOT; };
		1DFB3B5219FF575C00CF4A72 /* EventKitUI.framework */ = {isa = PBXFileReference; lastKnownFileType = wrapper.framework; name = EventKitUI.framework; path = System/Library/Frameworks/EventKitUI.framework; sourceTree = SDKROOT; };
/* End PBXFileReference section */

/* Begin PBXFrameworksBuildPhase section */
		1D8856B419CDE510005FFDB2 /* Frameworks */ = {
			isa = PBXFrameworksBuildPhase;
			buildActionMask = 2147483647;
			files = (
				1DAB49FA1A182AC90002BBDD /* QuartzCore.framework in Frameworks */,
				1DFB3B5319FF575C00CF4A72 /* EventKit.framework in Frameworks */,
				1DE70DFA1A0FD55D0044C77C /* FacebookSDK.framework in Frameworks */,
				1DFB3B5419FF575C00CF4A72 /* EventKitUI.framework in Frameworks */,
				1DFB3B4D19FC39AE00CF4A72 /* MessageUI.framework in Frameworks */,
				1D0D92A119D3DE28003E7C14 /* CoreLocation.framework in Frameworks */,
			);
			runOnlyForDeploymentPostprocessing = 0;
		};
		1D8856C919CDE510005FFDB2 /* Frameworks */ = {
			isa = PBXFrameworksBuildPhase;
			buildActionMask = 2147483647;
			files = (
			);
			runOnlyForDeploymentPostprocessing = 0;
		};
/* End PBXFrameworksBuildPhase section */

/* Begin PBXGroup section */
		1D08923D1A26724400A9EAC4 /* Collection View Cells */ = {
			isa = PBXGroup;
			children = (
				1D08923E1A26726500A9EAC4 /* EventCollectionViewCell.swift */,
			);
			name = "Collection View Cells";
			sourceTree = "<group>";
		};
		1D19871D1A2A950A004156B2 /* Custom Views */ = {
			isa = PBXGroup;
			children = (
				1D8A064119CE0CA6004607B6 /* Table View Cells */,
				1D08923D1A26724400A9EAC4 /* Collection View Cells */,
				1D19871E1A2A9528004156B2 /* RedirectView.swift */,
			);
			name = "Custom Views";
			sourceTree = "<group>";
		};
		1D43347219D7551D001A5381 /* Fonts */ = {
			isa = PBXGroup;
			children = (
				1D0892461A267EE700A9EAC4 /* UniversLTStd-UltraCn.otf */,
				1D0892401A267EBF00A9EAC4 /* Interstate-Light.ttf */,
				1D0892411A267EBF00A9EAC4 /* Interstate-ExtraLight.ttf */,
				1D0892421A267EBF00A9EAC4 /* Interstate-BoldCondensed.ttf */,
			);
			name = Fonts;
			sourceTree = "<group>";
		};
		1D6C3EAC1A4B79DA0081A43C /* Settings */ = {
			isa = PBXGroup;
			children = (
				1DBA3F681A4BAA7600842486 /* AddCityCell.swift */,
				1D0892521A28406300A9EAC4 /* AutosuggestCityCell.swift */,
				1D08924C1A27BF8700A9EAC4 /* CitySearchCell.swift */,
				1D08924E1A27C49D00A9EAC4 /* CurrentLocationCell.swift */,
				1D6C3EA81A4B66A70081A43C /* LogoutCell.swift */,
				1D6C3EAA1A4B70590081A43C /* SendFeedbackCell.swift */,
			);
			name = Settings;
			sourceTree = "<group>";
		};
		1D6C3EAD1A4B79F30081A43C /* Event Detail */ = {
			isa = PBXGroup;
			children = (
				1D22A4581A2EC5D200C4BC03 /* EventDetailActionCell.swift */,
				1D89F6A91A0ECDC100D3E4BE /* EventDetailCoverCell.swift */,
				1DAB49ED1A17E31E0002BBDD /* EventDetailDescriptionCell.swift */,
				1DAE2C201A3E975E00F03AD1 /* EventDetailImageCell.swift */,
				1DAB49F51A1807F40002BBDD /* EventDetailLocationCell.swift */,
				1DAE2C221A3EB08B00F03AD1 /* EventDetailMapCell.swift */,
				1DAB49F31A18020D0002BBDD /* EventDetailTimeCell.swift */,
			);
			name = "Event Detail";
			sourceTree = "<group>";
		};
		1D8856AE19CDE510005FFDB2 = {
			isa = PBXGroup;
			children = (
				1DAB49F91A182AC90002BBDD /* QuartzCore.framework */,
				1D8856B919CDE510005FFDB2 /* DanceDeets */,
				1D8856C319CDE510005FFDB2 /* Images.xcassets */,
				1D8856CF19CDE510005FFDB2 /* DanceDeetsTests */,
				1D8856B819CDE510005FFDB2 /* Products */,
				1DE70DF91A0FD55D0044C77C /* FacebookSDK.framework */,
				1DFB3B5119FF575C00CF4A72 /* EventKit.framework */,
				1DFB3B5219FF575C00CF4A72 /* EventKitUI.framework */,
				1DFB3B4C19FC39AE00CF4A72 /* MessageUI.framework */,
				1D0D92A019D3DE28003E7C14 /* CoreLocation.framework */,
			);
			sourceTree = "<group>";
		};
		1D8856B819CDE510005FFDB2 /* Products */ = {
			isa = PBXGroup;
			children = (
				1D8856B719CDE510005FFDB2 /* DanceDeets.app */,
				1D8856CC19CDE510005FFDB2 /* DanceDeetsTests.xctest */,
			);
			name = Products;
			sourceTree = "<group>";
		};
		1D8856B919CDE510005FFDB2 /* DanceDeets */ = {
			isa = PBXGroup;
			children = (
				1D8856BC19CDE510005FFDB2 /* AppDelegate.swift */,
				1D8856C519CDE510005FFDB2 /* LaunchScreen.xib */,
				1D8856C019CDE510005FFDB2 /* Main.storyboard */,
				1DAE2C1E1A3D063300F03AD1 /* ServerInterface.swift */,
				1D0892501A27C97700A9EAC4 /* UserSettings.swift */,
				1D8A063E19CDE5D9004607B6 /* View Controllers */,
				1DB901C619E099810018B434 /* Extensions and Utilities */,
				1D19871D1A2A950A004156B2 /* Custom Views */,
				1D8A063D19CDE5D4004607B6 /* Models */,
				1D8856BA19CDE510005FFDB2 /* Supporting Files */,
			);
			path = DanceDeets;
			sourceTree = "<group>";
		};
		1D8856BA19CDE510005FFDB2 /* Supporting Files */ = {
			isa = PBXGroup;
			children = (
				1D43346619D736EF001A5381 /* DanceDeets-Bridging-Header.h */,
				1D43347219D7551D001A5381 /* Fonts */,
				1D8856BB19CDE510005FFDB2 /* Info.plist */,
			);
			name = "Supporting Files";
			sourceTree = "<group>";
		};
		1D8856CF19CDE510005FFDB2 /* DanceDeetsTests */ = {
			isa = PBXGroup;
			children = (
				1D8856D219CDE511005FFDB2 /* DanceDeetsTests.swift */,
				1D8856D019CDE510005FFDB2 /* Supporting Files */,
			);
			path = DanceDeetsTests;
			sourceTree = "<group>";
		};
		1D8856D019CDE510005FFDB2 /* Supporting Files */ = {
			isa = PBXGroup;
			children = (
				1D8856D119CDE510005FFDB2 /* Info.plist */,
			);
			name = "Supporting Files";
			sourceTree = "<group>";
		};
		1D8A063D19CDE5D4004607B6 /* Models */ = {
			isa = PBXGroup;
			children = (
				1D8A063F19CDE605004607B6 /* Event.swift */,
				1D15802A1A05695400658A1D /* EventAdmin.swift */,
			);
			name = Models;
			sourceTree = "<group>";
		};
		1D8A063E19CDE5D9004607B6 /* View Controllers */ = {
			isa = PBXGroup;
			children = (
				1D6C3EA61A4B4BC90081A43C /* AddCityViewController.swift */,
				1DFB3B4F19FF500E00CF4A72 /* EventDetailViewController.swift */,
				1D08923B1A266D7A00A9EAC4 /* EventStreamViewController.swift */,
				1D8856BE19CDE510005FFDB2 /* FaceBookLoginViewController.swift */,
				1D6C3EA41A4A21B80081A43C /* FullScreenImageViewController.swift */,
				1D08924A1A279DFF00A9EAC4 /* SettingsViewController.swift */,
			);
			name = "View Controllers";
			sourceTree = "<group>";
		};
		1D8A064119CE0CA6004607B6 /* Table View Cells */ = {
			isa = PBXGroup;
			children = (
				1D6C3EAD1A4B79F30081A43C /* Event Detail */,
				1D6C3EAC1A4B79DA0081A43C /* Settings */,
				1D4343461A1DB06D00E0B0A3 /* SearchResultsTableCell.swift */,
			);
			name = "Table View Cells";
			sourceTree = "<group>";
		};
		1DB901C619E099810018B434 /* Extensions and Utilities */ = {
			isa = PBXGroup;
			children = (
				1DAB49F71A1815DD0002BBDD /* ColorFactory.swift */,
				1DAB49F11A17F0310002BBDD /* Extensions.swift */,
				1DB901C719E0999E0018B434 /* FontFactory.swift */,
				1D0892481A278DCB00A9EAC4 /* GooglePlaceAPI.swift */,
				1D89F6A71A0EAB8D00D3E4BE /* ImageCache.swift */,
				1DAB49EF1A17E4D70002BBDD /* Utilities.swift */,
			);
			name = "Extensions and Utilities";
			sourceTree = "<group>";
		};
/* End PBXGroup section */

/* Begin PBXNativeTarget section */
		1D8856B619CDE510005FFDB2 /* DanceDeets */ = {
			isa = PBXNativeTarget;
			buildConfigurationList = 1D8856D619CDE511005FFDB2 /* Build configuration list for PBXNativeTarget "DanceDeets" */;
			buildPhases = (
				1D8856B319CDE510005FFDB2 /* Sources */,
				1D8856B419CDE510005FFDB2 /* Frameworks */,
				1D8856B519CDE510005FFDB2 /* Resources */,
			);
			buildRules = (
			);
			dependencies = (
			);
			name = DanceDeets;
			productName = DanceDeets;
			productReference = 1D8856B719CDE510005FFDB2 /* DanceDeets.app */;
			productType = "com.apple.product-type.application";
		};
		1D8856CB19CDE510005FFDB2 /* DanceDeetsTests */ = {
			isa = PBXNativeTarget;
			buildConfigurationList = 1D8856D919CDE511005FFDB2 /* Build configuration list for PBXNativeTarget "DanceDeetsTests" */;
			buildPhases = (
				1D8856C819CDE510005FFDB2 /* Sources */,
				1D8856C919CDE510005FFDB2 /* Frameworks */,
				1D8856CA19CDE510005FFDB2 /* Resources */,
			);
			buildRules = (
			);
			dependencies = (
				1D8856CE19CDE510005FFDB2 /* PBXTargetDependency */,
			);
			name = DanceDeetsTests;
			productName = DanceDeetsTests;
			productReference = 1D8856CC19CDE510005FFDB2 /* DanceDeetsTests.xctest */;
			productType = "com.apple.product-type.bundle.unit-test";
		};
/* End PBXNativeTarget section */

/* Begin PBXProject section */
		1D8856AF19CDE510005FFDB2 /* Project object */ = {
			isa = PBXProject;
			attributes = {
				LastUpgradeCheck = 0600;
				ORGANIZATIONNAME = david.xiang;
				TargetAttributes = {
					1D8856B619CDE510005FFDB2 = {
						CreatedOnToolsVersion = 6.0.1;
						DevelopmentTeam = NQ8GZFQ3RP;
					};
					1D8856CB19CDE510005FFDB2 = {
						CreatedOnToolsVersion = 6.0.1;
						TestTargetID = 1D8856B619CDE510005FFDB2;
					};
				};
			};
			buildConfigurationList = 1D8856B219CDE510005FFDB2 /* Build configuration list for PBXProject "DanceDeets" */;
			compatibilityVersion = "Xcode 3.2";
			developmentRegion = English;
			hasScannedForEncodings = 0;
			knownRegions = (
				en,
				Base,
			);
			mainGroup = 1D8856AE19CDE510005FFDB2;
			productRefGroup = 1D8856B819CDE510005FFDB2 /* Products */;
			projectDirPath = "";
			projectRoot = "";
			targets = (
				1D8856B619CDE510005FFDB2 /* DanceDeets */,
				1D8856CB19CDE510005FFDB2 /* DanceDeetsTests */,
			);
		};
/* End PBXProject section */

/* Begin PBXResourcesBuildPhase section */
		1D8856B519CDE510005FFDB2 /* Resources */ = {
			isa = PBXResourcesBuildPhase;
			buildActionMask = 2147483647;
			files = (
				1D0892451A267EBF00A9EAC4 /* Interstate-BoldCondensed.ttf in Resources */,
				1D0892441A267EBF00A9EAC4 /* Interstate-ExtraLight.ttf in Resources */,
				1D0892471A267EE700A9EAC4 /* UniversLTStd-UltraCn.otf in Resources */,
				1D8856C219CDE510005FFDB2 /* Main.storyboard in Resources */,
				1D8856C719CDE510005FFDB2 /* LaunchScreen.xib in Resources */,
				1D0892431A267EBF00A9EAC4 /* Interstate-Light.ttf in Resources */,
				1D8856C419CDE510005FFDB2 /* Images.xcassets in Resources */,
			);
			runOnlyForDeploymentPostprocessing = 0;
		};
		1D8856CA19CDE510005FFDB2 /* Resources */ = {
			isa = PBXResourcesBuildPhase;
			buildActionMask = 2147483647;
			files = (
			);
			runOnlyForDeploymentPostprocessing = 0;
		};
/* End PBXResourcesBuildPhase section */

/* Begin PBXSourcesBuildPhase section */
		1D8856B319CDE510005FFDB2 /* Sources */ = {
			isa = PBXSourcesBuildPhase;
			buildActionMask = 2147483647;
			files = (
				1D08923C1A266D7A00A9EAC4 /* EventStreamViewController.swift in Sources */,
				1DAB49F81A1815DD0002BBDD /* ColorFactory.swift in Sources */,
				1D08923F1A26726500A9EAC4 /* EventCollectionViewCell.swift in Sources */,
				1D89F6AA1A0ECDC100D3E4BE /* EventDetailCoverCell.swift in Sources */,
				1D6C3EA91A4B66A70081A43C /* LogoutCell.swift in Sources */,
				1D08924F1A27C49D00A9EAC4 /* CurrentLocationCell.swift in Sources */,
				1D8856BF19CDE510005FFDB2 /* FaceBookLoginViewController.swift in Sources */,
				1DAB49F01A17E4D70002BBDD /* Utilities.swift in Sources */,
				1D0892531A28406300A9EAC4 /* AutosuggestCityCell.swift in Sources */,
				1DAE2C211A3E975E00F03AD1 /* EventDetailImageCell.swift in Sources */,
				1D0892491A278DCB00A9EAC4 /* GooglePlaceAPI.swift in Sources */,
				1D08924B1A279DFF00A9EAC4 /* SettingsViewController.swift in Sources */,
				1D4343471A1DB06D00E0B0A3 /* SearchResultsTableCell.swift in Sources */,
				1DAE2C1F1A3D063300F03AD1 /* ServerInterface.swift in Sources */,
				1D8A064019CDE605004607B6 /* Event.swift in Sources */,
				1DAB49F41A18020D0002BBDD /* EventDetailTimeCell.swift in Sources */,
				1DFB3B5019FF500E00CF4A72 /* EventDetailViewController.swift in Sources */,
				1D6C3EAB1A4B70590081A43C /* SendFeedbackCell.swift in Sources */,
				1DBA3F691A4BAA7600842486 /* AddCityCell.swift in Sources */,
				1D6C3EA51A4A21B80081A43C /* FullScreenImageViewController.swift in Sources */,
				1DAB49EE1A17E31E0002BBDD /* EventDetailDescriptionCell.swift in Sources */,
				1D15802B1A05695400658A1D /* EventAdmin.swift in Sources */,
				1DAE2C231A3EB08B00F03AD1 /* EventDetailMapCell.swift in Sources */,
				1DAB49F61A1807F40002BBDD /* EventDetailLocationCell.swift in Sources */,
				1D6C3EA71A4B4BC90081A43C /* AddCityViewController.swift in Sources */,
				1DB901C819E0999E0018B434 /* FontFactory.swift in Sources */,
				1D19871F1A2A9528004156B2 /* RedirectView.swift in Sources */,
				1DAB49F21A17F0310002BBDD /* Extensions.swift in Sources */,
				1D89F6A81A0EAB8D00D3E4BE /* ImageCache.swift in Sources */,
				1D08924D1A27BF8700A9EAC4 /* CitySearchCell.swift in Sources */,
				1D0892511A27C97700A9EAC4 /* UserSettings.swift in Sources */,
				1D8856BD19CDE510005FFDB2 /* AppDelegate.swift in Sources */,
				1D22A4591A2EC5D200C4BC03 /* EventDetailActionCell.swift in Sources */,
			);
			runOnlyForDeploymentPostprocessing = 0;
		};
		1D8856C819CDE510005FFDB2 /* Sources */ = {
			isa = PBXSourcesBuildPhase;
			buildActionMask = 2147483647;
			files = (
				1D8856D319CDE511005FFDB2 /* DanceDeetsTests.swift in Sources */,
			);
			runOnlyForDeploymentPostprocessing = 0;
		};
/* End PBXSourcesBuildPhase section */

/* Begin PBXTargetDependency section */
		1D8856CE19CDE510005FFDB2 /* PBXTargetDependency */ = {
			isa = PBXTargetDependency;
			target = 1D8856B619CDE510005FFDB2 /* DanceDeets */;
			targetProxy = 1D8856CD19CDE510005FFDB2 /* PBXContainerItemProxy */;
		};
/* End PBXTargetDependency section */

/* Begin PBXVariantGroup section */
		1D8856C019CDE510005FFDB2 /* Main.storyboard */ = {
			isa = PBXVariantGroup;
			children = (
				1D8856C119CDE510005FFDB2 /* Base */,
			);
			name = Main.storyboard;
			sourceTree = "<group>";
		};
		1D8856C519CDE510005FFDB2 /* LaunchScreen.xib */ = {
			isa = PBXVariantGroup;
			children = (
				1D8856C619CDE510005FFDB2 /* Base */,
			);
			name = LaunchScreen.xib;
			sourceTree = "<group>";
		};
/* End PBXVariantGroup section */

/* Begin XCBuildConfiguration section */
		1D8856D419CDE511005FFDB2 /* Debug */ = {
			isa = XCBuildConfiguration;
			buildSettings = {
				ALWAYS_SEARCH_USER_PATHS = NO;
				CLANG_CXX_LANGUAGE_STANDARD = "gnu++0x";
				CLANG_CXX_LIBRARY = "libc++";
				CLANG_ENABLE_MODULES = YES;
				CLANG_ENABLE_OBJC_ARC = YES;
				CLANG_WARN_BOOL_CONVERSION = YES;
				CLANG_WARN_CONSTANT_CONVERSION = YES;
				CLANG_WARN_DIRECT_OBJC_ISA_USAGE = YES_ERROR;
				CLANG_WARN_EMPTY_BODY = YES;
				CLANG_WARN_ENUM_CONVERSION = YES;
				CLANG_WARN_INT_CONVERSION = YES;
				CLANG_WARN_OBJC_ROOT_CLASS = YES_ERROR;
				CLANG_WARN_UNREACHABLE_CODE = YES;
				CLANG_WARN__DUPLICATE_METHOD_MATCH = YES;
				"CODE_SIGN_IDENTITY[sdk=iphoneos*]" = "iPhone Developer";
				COPY_PHASE_STRIP = NO;
				ENABLE_STRICT_OBJC_MSGSEND = YES;
				FRAMEWORK_SEARCH_PATHS = "$(HOME)/Documents/**";
				GCC_C_LANGUAGE_STANDARD = gnu99;
				GCC_DYNAMIC_NO_PIC = NO;
				GCC_OPTIMIZATION_LEVEL = 0;
				GCC_PREPROCESSOR_DEFINITIONS = (
					"DEBUG=1",
					"$(inherited)",
				);
				GCC_SYMBOLS_PRIVATE_EXTERN = NO;
				GCC_WARN_64_TO_32_BIT_CONVERSION = YES;
				GCC_WARN_ABOUT_RETURN_TYPE = YES_ERROR;
				GCC_WARN_UNDECLARED_SELECTOR = YES;
				GCC_WARN_UNINITIALIZED_AUTOS = YES_AGGRESSIVE;
				GCC_WARN_UNUSED_FUNCTION = YES;
				GCC_WARN_UNUSED_VARIABLE = YES;
				HEADER_SEARCH_PATHS = (
					"$(inherited)",
					/Applications/Xcode.app/Contents/Developer/Toolchains/XcodeDefault.xctoolchain/usr/include,
					"$(HOME)/Documents/**",
				);
				IPHONEOS_DEPLOYMENT_TARGET = 8.1;
				MTL_ENABLE_DEBUG_INFO = YES;
				ONLY_ACTIVE_ARCH = YES;
				SDKROOT = iphoneos;
				SWIFT_OPTIMIZATION_LEVEL = "-Onone";
			};
			name = Debug;
		};
		1D8856D519CDE511005FFDB2 /* Release */ = {
			isa = XCBuildConfiguration;
			buildSettings = {
				ALWAYS_SEARCH_USER_PATHS = NO;
				CLANG_CXX_LANGUAGE_STANDARD = "gnu++0x";
				CLANG_CXX_LIBRARY = "libc++";
				CLANG_ENABLE_MODULES = YES;
				CLANG_ENABLE_OBJC_ARC = YES;
				CLANG_WARN_BOOL_CONVERSION = YES;
				CLANG_WARN_CONSTANT_CONVERSION = YES;
				CLANG_WARN_DIRECT_OBJC_ISA_USAGE = YES_ERROR;
				CLANG_WARN_EMPTY_BODY = YES;
				CLANG_WARN_ENUM_CONVERSION = YES;
				CLANG_WARN_INT_CONVERSION = YES;
				CLANG_WARN_OBJC_ROOT_CLASS = YES_ERROR;
				CLANG_WARN_UNREACHABLE_CODE = YES;
				CLANG_WARN__DUPLICATE_METHOD_MATCH = YES;
				"CODE_SIGN_IDENTITY[sdk=iphoneos*]" = "iPhone Developer";
				COPY_PHASE_STRIP = YES;
				ENABLE_NS_ASSERTIONS = NO;
				ENABLE_STRICT_OBJC_MSGSEND = YES;
				FRAMEWORK_SEARCH_PATHS = "$(HOME)/Documents/**";
				GCC_C_LANGUAGE_STANDARD = gnu99;
				GCC_WARN_64_TO_32_BIT_CONVERSION = YES;
				GCC_WARN_ABOUT_RETURN_TYPE = YES_ERROR;
				GCC_WARN_UNDECLARED_SELECTOR = YES;
				GCC_WARN_UNINITIALIZED_AUTOS = YES_AGGRESSIVE;
				GCC_WARN_UNUSED_FUNCTION = YES;
				GCC_WARN_UNUSED_VARIABLE = YES;
				HEADER_SEARCH_PATHS = (
					"$(inherited)",
					/Applications/Xcode.app/Contents/Developer/Toolchains/XcodeDefault.xctoolchain/usr/include,
					"$(HOME)/Documents/**",
				);
				IPHONEOS_DEPLOYMENT_TARGET = 8.1;
				MTL_ENABLE_DEBUG_INFO = NO;
				SDKROOT = iphoneos;
				VALIDATE_PRODUCT = YES;
			};
			name = Release;
		};
		1D8856D719CDE511005FFDB2 /* Debug */ = {
			isa = XCBuildConfiguration;
			buildSettings = {
				ALWAYS_SEARCH_USER_PATHS = NO;
				ASSETCATALOG_COMPILER_APPICON_NAME = AppIcon;
				CODE_SIGN_IDENTITY = "iPhone Developer";
				"CODE_SIGN_IDENTITY[sdk=iphoneos*]" = "iPhone Developer";
				FRAMEWORK_SEARCH_PATHS = (
					"$(inherited)",
					"$(PROJECT_DIR)",
				);
				HEADER_SEARCH_PATHS = (
					"$(inherited)",
					/Applications/Xcode.app/Contents/Developer/Toolchains/XcodeDefault.xctoolchain/usr/include,
				);
				INFOPLIST_FILE = DanceDeets/Info.plist;
				IPHONEOS_DEPLOYMENT_TARGET = 8.1;
				LD_RUNPATH_SEARCH_PATHS = "$(inherited) @executable_path/Frameworks";
				LIBRARY_SEARCH_PATHS = (
					"$(HOME)",
					"$(HOME)/Documents",
				);
				PRODUCT_NAME = "$(TARGET_NAME)";
				PROVISIONING_PROFILE = "";
				SDKROOT = iphoneos;
				SWIFT_INSTALL_OBJC_HEADER = YES;
				SWIFT_OBJC_BRIDGING_HEADER = "DanceDeets/DanceDeets-Bridging-Header.h";
				TARGETED_DEVICE_FAMILY = "1,2";
				USER_HEADER_SEARCH_PATHS = "";
			};
			name = Debug;
		};
		1D8856D819CDE511005FFDB2 /* Release */ = {
			isa = XCBuildConfiguration;
			buildSettings = {
				ALWAYS_SEARCH_USER_PATHS = NO;
				ASSETCATALOG_COMPILER_APPICON_NAME = AppIcon;
				CODE_SIGN_IDENTITY = "iPhone Developer";
				"CODE_SIGN_IDENTITY[sdk=iphoneos*]" = "iPhone Developer";
				FRAMEWORK_SEARCH_PATHS = (
					"$(inherited)",
					"$(PROJECT_DIR)",
				);
				HEADER_SEARCH_PATHS = (
					"$(inherited)",
					/Applications/Xcode.app/Contents/Developer/Toolchains/XcodeDefault.xctoolchain/usr/include,
				);
				INFOPLIST_FILE = DanceDeets/Info.plist;
				IPHONEOS_DEPLOYMENT_TARGET = 8.1;
				LD_RUNPATH_SEARCH_PATHS = "$(inherited) @executable_path/Frameworks";
				LIBRARY_SEARCH_PATHS = (
					"$(HOME)",
					"$(HOME)/Documents",
				);
				PRODUCT_NAME = "$(TARGET_NAME)";
				PROVISIONING_PROFILE = "";
				SDKROOT = iphoneos;
				SWIFT_INSTALL_OBJC_HEADER = YES;
				SWIFT_OBJC_BRIDGING_HEADER = "DanceDeets/DanceDeets-Bridging-Header.h";
				TARGETED_DEVICE_FAMILY = "1,2";
				USER_HEADER_SEARCH_PATHS = "";
			};
			name = Release;
		};
		1D8856DA19CDE511005FFDB2 /* Debug */ = {
			isa = XCBuildConfiguration;
			buildSettings = {
				BUNDLE_LOADER = "$(TEST_HOST)";
				FRAMEWORK_SEARCH_PATHS = (
					"$(SDKROOT)/Developer/Library/Frameworks",
					"$(inherited)",
					/Users/dxiang/Documents,
				);
				GCC_PREPROCESSOR_DEFINITIONS = (
					"DEBUG=1",
					"$(inherited)",
				);
				INFOPLIST_FILE = DanceDeetsTests/Info.plist;
				LD_RUNPATH_SEARCH_PATHS = "$(inherited) @executable_path/Frameworks @loader_path/Frameworks";
				PRODUCT_NAME = "$(TARGET_NAME)";
				TEST_HOST = "$(BUILT_PRODUCTS_DIR)/DanceDeets.app/DanceDeets";
			};
			name = Debug;
		};
		1D8856DB19CDE511005FFDB2 /* Release */ = {
			isa = XCBuildConfiguration;
			buildSettings = {
				BUNDLE_LOADER = "$(TEST_HOST)";
				FRAMEWORK_SEARCH_PATHS = (
					"$(SDKROOT)/Developer/Library/Frameworks",
					"$(inherited)",
					/Users/dxiang/Documents,
				);
				INFOPLIST_FILE = DanceDeetsTests/Info.plist;
				LD_RUNPATH_SEARCH_PATHS = "$(inherited) @executable_path/Frameworks @loader_path/Frameworks";
				PRODUCT_NAME = "$(TARGET_NAME)";
				TEST_HOST = "$(BUILT_PRODUCTS_DIR)/DanceDeets.app/DanceDeets";
			};
			name = Release;
		};
/* End XCBuildConfiguration section */

/* Begin XCConfigurationList section */
		1D8856B219CDE510005FFDB2 /* Build configuration list for PBXProject "DanceDeets" */ = {
			isa = XCConfigurationList;
			buildConfigurations = (
				1D8856D419CDE511005FFDB2 /* Debug */,
				1D8856D519CDE511005FFDB2 /* Release */,
			);
			defaultConfigurationIsVisible = 0;
			defaultConfigurationName = Release;
		};
		1D8856D619CDE511005FFDB2 /* Build configuration list for PBXNativeTarget "DanceDeets" */ = {
			isa = XCConfigurationList;
			buildConfigurations = (
				1D8856D719CDE511005FFDB2 /* Debug */,
				1D8856D819CDE511005FFDB2 /* Release */,
			);
			defaultConfigurationIsVisible = 0;
			defaultConfigurationName = Release;
		};
		1D8856D919CDE511005FFDB2 /* Build configuration list for PBXNativeTarget "DanceDeetsTests" */ = {
			isa = XCConfigurationList;
			buildConfigurations = (
				1D8856DA19CDE511005FFDB2 /* Debug */,
				1D8856DB19CDE511005FFDB2 /* Release */,
			);
			defaultConfigurationIsVisible = 0;
			defaultConfigurationName = Release;
		};
/* End XCConfigurationList section */
	};
	rootObject = 1D8856AF19CDE510005FFDB2 /* Project object */;
}
